github.com/995933447/easymicro v0.0.0-20251128070354-69ae778bb82c h1:NrO7Pba1w3FSPaeUa3HnEaUH5Nw0FS+St2hiKoWr6BA=
github.com/995933447/easymicro v0.0.0-20251128070354-69ae778bb82c/go.mod h1:1QNdqvgMSjUojxiSUZTvUVcJl1hIzd/q8hRsJsLfo5g=
github.com/995933447/easymicro v0.0.0-20251128113143-edbff793368f h1:1gi1Ikp787vqpo+VJLHflDf6JULr9Ck0DCL+IGLcpM8=
github.com/995933447/easymicro v0.0.0-20251128113143-edbff793368f/go.mod h1:Vr8iTp6u5VgzTxbJtcWX+lbgqJFnq54zw2t+o9DX40k=
